
Microsoft Visual Studio Solution File, Format Version 12.00
# Visual Studio Version 16
VisualStudioVersion = 16.0.30104.148
MinimumVisualStudioVersion = 10.0.40219.1
Project("{FAE04EC0-301F-11D3-BF4B-00C04F79EFBC}") = "ISIT-420-ClassProject", "ISIT-420-ClassProject\ISIT-420-ClassProject.csproj", "{F6B6EC00-1763-47D8-861C-973B9DB0D373}"
EndProject
Global
	GlobalSection(SolutionConfigurationPlatforms) = preSolution
		Debug|Any CPU = Debug|Any CPU
		Release|Any CPU = Release|Any CPU
	EndGlobalSection
	GlobalSection(ProjectConfigurationPlatforms) = postSolution
		{F6B6EC00-1763-47D8-861C-973B9DB0D373}.Debug|Any CPU.ActiveCfg = Debug|Any CPU
		{F6B6EC00-1763-47D8-861C-973B9DB0D373}.Debug|Any CPU.Build.0 = Debug|Any CPU
		{F6B6EC00-1763-47D8-861C-973B9DB0D373}.Release|Any CPU.ActiveCfg = Release|Any CPU
		{F6B6EC00-1763-47D8-861C-973B9DB0D373}.Release|Any CPU.Build.0 = Release|Any CPU
	EndGlobalSection
	GlobalSection(SolutionProperties) = preSolution
		HideSolutionNode = FALSE
	EndGlobalSection
	GlobalSection(ExtensibilityGlobals) = postSolution
		SolutionGuid = {A0258461-D24A-4B44-A119-1274AEDF42A3}
	EndGlobalSection
EndGlobal
