
Microsoft Visual Studio Solution File, Format Version 12.00
# Visual Studio Version 16
VisualStudioVersion = 16.0.28803.156
MinimumVisualStudioVersion = 10.0.40219.1
Project("{FAE04EC0-301F-11D3-BF4B-00C04F79EFBC}") = "InClassNorthwind", "InClassNorthwind\InClassNorthwind.csproj", "{91D68401-B1D8-43EC-86E1-2166C0C556B2}"
EndProject
Global
	GlobalSection(SolutionConfigurationPlatforms) = preSolution
		Debug|Any CPU = Debug|Any CPU
		Release|Any CPU = Release|Any CPU
	EndGlobalSection
	GlobalSection(ProjectConfigurationPlatforms) = postSolution
		{91D68401-B1D8-43EC-86E1-2166C0C556B2}.Debug|Any CPU.ActiveCfg = Debug|Any CPU
		{91D68401-B1D8-43EC-86E1-2166C0C556B2}.Debug|Any CPU.Build.0 = Debug|Any CPU
		{91D68401-B1D8-43EC-86E1-2166C0C556B2}.Release|Any CPU.ActiveCfg = Release|Any CPU
		{91D68401-B1D8-43EC-86E1-2166C0C556B2}.Release|Any CPU.Build.0 = Release|Any CPU
	EndGlobalSection
	GlobalSection(SolutionProperties) = preSolution
		HideSolutionNode = FALSE
	EndGlobalSection
	GlobalSection(ExtensibilityGlobals) = postSolution
		SolutionGuid = {CF7718CF-515B-4528-A453-C8FB2CDE969B}
	EndGlobalSection
EndGlobal
